
Microsoft Visual Studio Solution File, Format Version 12.00
Project("{FAE04EC0-301F-11D3-BF4B-00C04F79EFBC}") = "MonitorzZ", "MonitorzZ.csproj", "{192AAFD0-AC96-4E66-B5F7-6E7142302338}"
EndProject
Global
	GlobalSection(SolutionConfigurationPlatforms) = preSolution
		Debug|Any CPU = Debug|Any CPU
		Release|Any CPU = Release|Any CPU
	EndGlobalSection
	GlobalSection(ProjectConfigurationPlatforms) = postSolution
		{192AAFD0-AC96-4E66-B5F7-6E7142302338}.Debug|Any CPU.ActiveCfg = Debug|Any CPU
		{192AAFD0-AC96-4E66-B5F7-6E7142302338}.Debug|Any CPU.Build.0 = Debug|Any CPU
		{192AAFD0-AC96-4E66-B5F7-6E7142302338}.Release|Any CPU.ActiveCfg = Release|Any CPU
		{192AAFD0-AC96-4E66-B5F7-6E7142302338}.Release|Any CPU.Build.0 = Release|Any CPU
	EndGlobalSection
EndGlobal
